
Microsoft Visual Studio Solution File, Format Version 12.00
# Visual Studio Version 17
VisualStudioVersion = 17.0.31903.59
MinimumVisualStudioVersion = 10.0.40219.1
Project("{9A19103F-16F7-4668-BE54-9A1E7A4F7556}") = "VoiceCommand", "VoiceCommand.csproj", "{4390E3ED-81D4-45F8-8631-C2C700E2C05D}"
EndProject
Global
	GlobalSection(SolutionConfigurationPlatforms) = preSolution
		Debug|Any CPU = Debug|Any CPU
		Debug|x64 = Debug|x64
		Release|Any CPU = Release|Any CPU
		Release|x64 = Release|x64
	EndGlobalSection
	GlobalSection(ProjectConfigurationPlatforms) = postSolution
		{4390E3ED-81D4-45F8-8631-C2C700E2C05D}.Debug|Any CPU.ActiveCfg = Debug|Any CPU
		{4390E3ED-81D4-45F8-8631-C2C700E2C05D}.Debug|Any CPU.Build.0 = Debug|Any CPU
		{4390E3ED-81D4-45F8-8631-C2C700E2C05D}.Debug|x64.ActiveCfg = Debug|x64
		{4390E3ED-81D4-45F8-8631-C2C700E2C05D}.Debug|x64.Build.0 = Debug|x64
		{4390E3ED-81D4-45F8-8631-C2C700E2C05D}.Release|Any CPU.ActiveCfg = Release|Any CPU
		{4390E3ED-81D4-45F8-8631-C2C700E2C05D}.Release|Any CPU.Build.0 = Release|Any CPU
		{4390E3ED-81D4-45F8-8631-C2C700E2C05D}.Release|x64.ActiveCfg = Release|x64
		{4390E3ED-81D4-45F8-8631-C2C700E2C05D}.Release|x64.Build.0 = Release|x64
	EndGlobalSection
	GlobalSection(SolutionProperties) = preSolution
		HideSolutionNode = FALSE
	EndGlobalSection
	GlobalSection(ExtensibilityGlobals) = postSolution
		SolutionGuid = {C98056F7-FE81-4AD4-8AF2-57FE370A7BA7}
	EndGlobalSection
EndGlobal
